// !$*UTF8*$!
{
	archiveVersion = 1;
	classes = {
	};
	objectVersion = 56;
	objects = {

/* Begin PBXBuildFile section */
		CE010F812B216569001A324E /* CITestApp.swift in Sources */ = {isa = PBXBuildFile; fileRef = CE010F802B216569001A324E /* CITestApp.swift */; };
		CE010F832B216569001A324E /* ContentView.swift in Sources */ = {isa = PBXBuildFile; fileRef = CE010F822B216569001A324E /* ContentView.swift */; };
		CE010F852B21656A001A324E /* Assets.xcassets in Resources */ = {isa = PBXBuildFile; fileRef = CE010F842B21656A001A324E /* Assets.xcassets */; };
		CE010F882B21656A001A324E /* Preview Assets.xcassets in Resources */ = {isa = PBXBuildFile; fileRef = CE010F872B21656A001A324E /* Preview Assets.xcassets */; };
		CE010F922B21656A001A324E /* CITestTests.swift in Sources */ = {isa = PBXBuildFile; fileRef = CE010F912B21656A001A324E /* CITestTests.swift */; };
		CE010F9C2B21656A001A324E /* CITestUITests.swift in Sources */ = {isa = PBXBuildFile; fileRef = CE010F9B2B21656A001A324E /* CITestUITests.swift */; };
		CE010F9E2B21656A001A324E /* CITestUITestsLaunchTests.swift in Sources */ = {isa = PBXBuildFile; fileRef = CE010F9D2B21656A001A324E /* CITestUITestsLaunchTests.swift */; };
		CE0F77FF2B218D1A00DB3F2F /* CITest.xctestplan in Resources */ = {isa = PBXBuildFile; fileRef = CE0F77FE2B218D1A00DB3F2F /* CITest.xctestplan */; };
		CE0F78012B21B12E00DB3F2F /* CIUtilTests.swift in Sources */ = {isa = PBXBuildFile; fileRef = CE0F78002B21B12E00DB3F2F /* CIUtilTests.swift */; };
		CE7456ED2B2BE4AC005E2FB9 /* Network.swift in Sources */ = {isa = PBXBuildFile; fileRef = CE7456EC2B2BE4AC005E2FB9 /* Network.swift */; };
		CE7456F02B2BE4EA005E2FB9 /* SwiftUIView.swift in Sources */ = {isa = PBXBuildFile; fileRef = CE7456EF2B2BE4EA005E2FB9 /* SwiftUIView.swift */; };
		CEF5B4932B22F53D002767F1 /* CITestUtil.swift in Sources */ = {isa = PBXBuildFile; fileRef = CEF5B4922B22F53D002767F1 /* CITestUtil.swift */; };
/* End PBXBuildFile section */

/* Begin PBXContainerItemProxy section */
		CE010F8E2B21656A001A324E /* PBXContainerItemProxy */ = {
			isa = PBXContainerItemProxy;
			containerPortal = CE010F752B216569001A324E /* Project object */;
			proxyType = 1;
			remoteGlobalIDString = CE010F7C2B216569001A324E;
			remoteInfo = CITest;
		};
		CE010F982B21656A001A324E /* PBXContainerItemProxy */ = {
			isa = PBXContainerItemProxy;
			containerPortal = CE010F752B216569001A324E /* Project object */;
			proxyType = 1;
			remoteGlobalIDString = CE010F7C2B216569001A324E;
			remoteInfo = CITest;
		};
/* End PBXContainerItemProxy section */

/* Begin PBXFileReference section */
		CE010F7D2B216569001A324E /* CITest.app */ = {isa = PBXFileReference; explicitFileType = wrapper.application; includeInIndex = 0; path = CITest.app; sourceTree = BUILT_PRODUCTS_DIR; };
		CE010F802B216569001A324E /* CITestApp.swift */ = {isa = PBXFileReference; lastKnownFileType = sourcecode.swift; path = CITestApp.swift; sourceTree = "<group>"; };
		CE010F822B216569001A324E /* ContentView.swift */ = {isa = PBXFileReference; lastKnownFileType = sourcecode.swift; path = ContentView.swift; sourceTree = "<group>"; };
		CE010F842B21656A001A324E /* Assets.xcassets */ = {isa = PBXFileReference; lastKnownFileType = folder.assetcatalog; path = Assets.xcassets; sourceTree = "<group>"; };
		CE010F872B21656A001A324E /* Preview Assets.xcassets */ = {isa = PBXFileReference; lastKnownFileType = folder.assetcatalog; path = "Preview Assets.xcassets"; sourceTree = "<group>"; };
		CE010F8D2B21656A001A324E /* CITestTests.xctest */ = {isa = PBXFileReference; explicitFileType = wrapper.cfbundle; includeInIndex = 0; path = CITestTests.xctest; sourceTree = BUILT_PRODUCTS_DIR; };
		CE010F912B21656A001A324E /* CITestTests.swift */ = {isa = PBXFileReference; lastKnownFileType = sourcecode.swift; path = CITestTests.swift; sourceTree = "<group>"; };
		CE010F972B21656A001A324E /* CITestUITests.xctest */ = {isa = PBXFileReference; explicitFileType = wrapper.cfbundle; includeInIndex = 0; path = CITestUITests.xctest; sourceTree = BUILT_PRODUCTS_DIR; };
		CE010F9B2B21656A001A324E /* CITestUITests.swift */ = {isa = PBXFileReference; lastKnownFileType = sourcecode.swift; path = CITestUITests.swift; sourceTree = "<group>"; };
		CE010F9D2B21656A001A324E /* CITestUITestsLaunchTests.swift */ = {isa = PBXFileReference; lastKnownFileType = sourcecode.swift; path = CITestUITestsLaunchTests.swift; sourceTree = "<group>"; };
		CE0F77FE2B218D1A00DB3F2F /* CITest.xctestplan */ = {isa = PBXFileReference; fileEncoding = 4; lastKnownFileType = text; path = CITest.xctestplan; sourceTree = "<group>"; };
		CE0F78002B21B12E00DB3F2F /* CIUtilTests.swift */ = {isa = PBXFileReference; lastKnownFileType = sourcecode.swift; path = CIUtilTests.swift; sourceTree = "<group>"; };
		CE7456EC2B2BE4AC005E2FB9 /* Network.swift */ = {isa = PBXFileReference; lastKnownFileType = sourcecode.swift; path = Network.swift; sourceTree = "<group>"; };
		CE7456EF2B2BE4EA005E2FB9 /* SwiftUIView.swift */ = {isa = PBXFileReference; lastKnownFileType = sourcecode.swift; path = SwiftUIView.swift; sourceTree = "<group>"; };
		CEF5B4922B22F53D002767F1 /* CITestUtil.swift */ = {isa = PBXFileReference; lastKnownFileType = sourcecode.swift; path = CITestUtil.swift; sourceTree = "<group>"; };
/* End PBXFileReference section */

/* Begin PBXFrameworksBuildPhase section */
		CE010F7A2B216569001A324E /* Frameworks */ = {
			isa = PBXFrameworksBuildPhase;
			buildActionMask = 2147483647;
			files = (
			);
			runOnlyForDeploymentPostprocessing = 0;
		};
		CE010F8A2B21656A001A324E /* Frameworks */ = {
			isa = PBXFrameworksBuildPhase;
			buildActionMask = 2147483647;
			files = (
			);
			runOnlyForDeploymentPostprocessing = 0;
		};
		CE010F942B21656A001A324E /* Frameworks */ = {
			isa = PBXFrameworksBuildPhase;
			buildActionMask = 2147483647;
			files = (
			);
			runOnlyForDeploymentPostprocessing = 0;
		};
/* End PBXFrameworksBuildPhase section */

/* Begin PBXGroup section */
		CE010F742B216569001A324E = {
			isa = PBXGroup;
			children = (
				CE0F77FE2B218D1A00DB3F2F /* CITest.xctestplan */,
				CE010F7F2B216569001A324E /* CITest */,
				CE010F902B21656A001A324E /* CITestTests */,
				CE010F9A2B21656A001A324E /* CITestUITests */,
				CE010F7E2B216569001A324E /* Products */,
			);
			sourceTree = "<group>";
		};
		CE010F7E2B216569001A324E /* Products */ = {
			isa = PBXGroup;
			children = (
				CE010F7D2B216569001A324E /* CITest.app */,
				CE010F8D2B21656A001A324E /* CITestTests.xctest */,
				CE010F972B21656A001A324E /* CITestUITests.xctest */,
			);
			name = Products;
			sourceTree = "<group>";
		};
		CE010F7F2B216569001A324E /* CITest */ = {
			isa = PBXGroup;
			children = (
				CEF5B4912B22F521002767F1 /* Util */,
				CE7456EB2B2BE498005E2FB9 /* Support */,
				CE7456EE2B2BE4C4005E2FB9 /* Feature */,
				CEF5B4902B22F50D002767F1 /* View */,
				CE7456EA2B2BE47C005E2FB9 /* Resources */,
				CE010F862B21656A001A324E /* Preview Content */,
			);
			path = CITest;
			sourceTree = "<group>";
		};
		CE010F862B21656A001A324E /* Preview Content */ = {
			isa = PBXGroup;
			children = (
				CE010F872B21656A001A324E /* Preview Assets.xcassets */,
			);
			path = "Preview Content";
			sourceTree = "<group>";
		};
		CE010F902B21656A001A324E /* CITestTests */ = {
			isa = PBXGroup;
			children = (
				CE010F912B21656A001A324E /* CITestTests.swift */,
				CE0F78002B21B12E00DB3F2F /* CIUtilTests.swift */,
			);
			path = CITestTests;
			sourceTree = "<group>";
		};
		CE010F9A2B21656A001A324E /* CITestUITests */ = {
			isa = PBXGroup;
			children = (
				CE010F9B2B21656A001A324E /* CITestUITests.swift */,
				CE010F9D2B21656A001A324E /* CITestUITestsLaunchTests.swift */,
			);
			path = CITestUITests;
			sourceTree = "<group>";
		};
		CE7456EA2B2BE47C005E2FB9 /* Resources */ = {
			isa = PBXGroup;
			children = (
				CE010F842B21656A001A324E /* Assets.xcassets */,
			);
			path = Resources;
			sourceTree = "<group>";
		};
		CE7456EB2B2BE498005E2FB9 /* Support */ = {
			isa = PBXGroup;
			children = (
				CE7456EC2B2BE4AC005E2FB9 /* Network.swift */,
			);
			path = Support;
			sourceTree = "<group>";
		};
		CE7456EE2B2BE4C4005E2FB9 /* Feature */ = {
			isa = PBXGroup;
			children = (
				CE7456EF2B2BE4EA005E2FB9 /* SwiftUIView.swift */,
			);
			path = Feature;
			sourceTree = "<group>";
		};
		CEF5B4902B22F50D002767F1 /* View */ = {
			isa = PBXGroup;
			children = (
				CE010F802B216569001A324E /* CITestApp.swift */,
				CE010F822B216569001A324E /* ContentView.swift */,
			);
			path = View;
			sourceTree = "<group>";
		};
		CEF5B4912B22F521002767F1 /* Util */ = {
			isa = PBXGroup;
			children = (
				CEF5B4922B22F53D002767F1 /* CITestUtil.swift */,
			);
			path = Util;
			sourceTree = "<group>";
		};
/* End PBXGroup section */

/* Begin PBXNativeTarget section */
		CE010F7C2B216569001A324E /* CITest */ = {
			isa = PBXNativeTarget;
			buildConfigurationList = CE010FA12B21656A001A324E /* Build configuration list for PBXNativeTarget "CITest" */;
			buildPhases = (
				CE010F792B216569001A324E /* Sources */,
				CE010F7A2B216569001A324E /* Frameworks */,
				CE010F7B2B216569001A324E /* Resources */,
			);
			buildRules = (
			);
			dependencies = (
			);
			name = CITest;
			productName = CITest;
			productReference = CE010F7D2B216569001A324E /* CITest.app */;
			productType = "com.apple.product-type.application";
		};
		CE010F8C2B21656A001A324E /* CITestTests */ = {
			isa = PBXNativeTarget;
			buildConfigurationList = CE010FA42B21656A001A324E /* Build configuration list for PBXNativeTarget "CITestTests" */;
			buildPhases = (
				CE010F892B21656A001A324E /* Sources */,
				CE010F8A2B21656A001A324E /* Frameworks */,
				CE010F8B2B21656A001A324E /* Resources */,
			);
			buildRules = (
			);
			dependencies = (
				CE010F8F2B21656A001A324E /* PBXTargetDependency */,
			);
			name = CITestTests;
			productName = CITestTests;
			productReference = CE010F8D2B21656A001A324E /* CITestTests.xctest */;
			productType = "com.apple.product-type.bundle.unit-test";
		};
		CE010F962B21656A001A324E /* CITestUITests */ = {
			isa = PBXNativeTarget;
			buildConfigurationList = CE010FA72B21656A001A324E /* Build configuration list for PBXNativeTarget "CITestUITests" */;
			buildPhases = (
				CE010F932B21656A001A324E /* Sources */,
				CE010F942B21656A001A324E /* Frameworks */,
				CE010F952B21656A001A324E /* Resources */,
			);
			buildRules = (
			);
			dependencies = (
				CE010F992B21656A001A324E /* PBXTargetDependency */,
			);
			name = CITestUITests;
			productName = CITestUITests;
			productReference = CE010F972B21656A001A324E /* CITestUITests.xctest */;
			productType = "com.apple.product-type.bundle.ui-testing";
		};
/* End PBXNativeTarget section */

/* Begin PBXProject section */
		CE010F752B216569001A324E /* Project object */ = {
			isa = PBXProject;
			attributes = {
				BuildIndependentTargetsInParallel = 1;
				LastSwiftUpdateCheck = 1500;
				LastUpgradeCheck = 1500;
				TargetAttributes = {
					CE010F7C2B216569001A324E = {
						CreatedOnToolsVersion = 15.0.1;
					};
					CE010F8C2B21656A001A324E = {
						CreatedOnToolsVersion = 15.0.1;
						TestTargetID = CE010F7C2B216569001A324E;
					};
					CE010F962B21656A001A324E = {
						CreatedOnToolsVersion = 15.0.1;
						TestTargetID = CE010F7C2B216569001A324E;
					};
				};
			};
			buildConfigurationList = CE010F782B216569001A324E /* Build configuration list for PBXProject "CITest" */;
			compatibilityVersion = "Xcode 14.0";
			developmentRegion = en;
			hasScannedForEncodings = 0;
			knownRegions = (
				en,
				Base,
			);
			mainGroup = CE010F742B216569001A324E;
			productRefGroup = CE010F7E2B216569001A324E /* Products */;
			projectDirPath = "";
			projectRoot = "";
			targets = (
				CE010F7C2B216569001A324E /* CITest */,
				CE010F8C2B21656A001A324E /* CITestTests */,
				CE010F962B21656A001A324E /* CITestUITests */,
			);
		};
/* End PBXProject section */

/* Begin PBXResourcesBuildPhase section */
		CE010F7B2B216569001A324E /* Resources */ = {
			isa = PBXResourcesBuildPhase;
			buildActionMask = 2147483647;
			files = (
				CE0F77FF2B218D1A00DB3F2F /* CITest.xctestplan in Resources */,
				CE010F882B21656A001A324E /* Preview Assets.xcassets in Resources */,
				CE010F852B21656A001A324E /* Assets.xcassets in Resources */,
			);
			runOnlyForDeploymentPostprocessing = 0;
		};
		CE010F8B2B21656A001A324E /* Resources */ = {
			isa = PBXResourcesBuildPhase;
			buildActionMask = 2147483647;
			files = (
			);
			runOnlyForDeploymentPostprocessing = 0;
		};
		CE010F952B21656A001A324E /* Resources */ = {
			isa = PBXResourcesBuildPhase;
			buildActionMask = 2147483647;
			files = (
			);
			runOnlyForDeploymentPostprocessing = 0;
		};
/* End PBXResourcesBuildPhase section */

/* Begin PBXSourcesBuildPhase section */
		CE010F792B216569001A324E /* Sources */ = {
			isa = PBXSourcesBuildPhase;
			buildActionMask = 2147483647;
			files = (
				CEF5B4932B22F53D002767F1 /* CITestUtil.swift in Sources */,
				CE010F832B216569001A324E /* ContentView.swift in Sources */,
				CE7456ED2B2BE4AC005E2FB9 /* Network.swift in Sources */,
				CE010F812B216569001A324E /* CITestApp.swift in Sources */,
				CE7456F02B2BE4EA005E2FB9 /* SwiftUIView.swift in Sources */,
			);
			runOnlyForDeploymentPostprocessing = 0;
		};
		CE010F892B21656A001A324E /* Sources */ = {
			isa = PBXSourcesBuildPhase;
			buildActionMask = 2147483647;
			files = (
				CE010F922B21656A001A324E /* CITestTests.swift in Sources */,
				CE0F78012B21B12E00DB3F2F /* CIUtilTests.swift in Sources */,
			);
			runOnlyForDeploymentPostprocessing = 0;
		};
		CE010F932B21656A001A324E /* Sources */ = {
			isa = PBXSourcesBuildPhase;
			buildActionMask = 2147483647;
			files = (
				CE010F9E2B21656A001A324E /* CITestUITestsLaunchTests.swift in Sources */,
				CE010F9C2B21656A001A324E /* CITestUITests.swift in Sources */,
			);
			runOnlyForDeploymentPostprocessing = 0;
		};
/* End PBXSourcesBuildPhase section */

/* Begin PBXTargetDependency section */
		CE010F8F2B21656A001A324E /* PBXTargetDependency */ = {
			isa = PBXTargetDependency;
			target = CE010F7C2B216569001A324E /* CITest */;
			targetProxy = CE010F8E2B21656A001A324E /* PBXContainerItemProxy */;
		};
		CE010F992B21656A001A324E /* PBXTargetDependency */ = {
			isa = PBXTargetDependency;
			target = CE010F7C2B216569001A324E /* CITest */;
			targetProxy = CE010F982B21656A001A324E /* PBXContainerItemProxy */;
		};
/* End PBXTargetDependency section */

/* Begin XCBuildConfiguration section */
		CE010F9F2B21656A001A324E /* Debug */ = {
			isa = XCBuildConfiguration;
			buildSettings = {
				ALWAYS_SEARCH_USER_PATHS = NO;
				ASSETCATALOG_COMPILER_GENERATE_SWIFT_ASSET_SYMBOL_EXTENSIONS = YES;
				CLANG_ANALYZER_NONNULL = YES;
				CLANG_ANALYZER_NUMBER_OBJECT_CONVERSION = YES_AGGRESSIVE;
				CLANG_CXX_LANGUAGE_STANDARD = "gnu++20";
				CLANG_ENABLE_MODULES = YES;
				CLANG_ENABLE_OBJC_ARC = YES;
				CLANG_ENABLE_OBJC_WEAK = YES;
				CLANG_WARN_BLOCK_CAPTURE_AUTORELEASING = YES;
				CLANG_WARN_BOOL_CONVERSION = YES;
				CLANG_WARN_COMMA = YES;
				CLANG_WARN_CONSTANT_CONVERSION = YES;
				CLANG_WARN_DEPRECATED_OBJC_IMPLEMENTATIONS = YES;
				CLANG_WARN_DIRECT_OBJC_ISA_USAGE = YES_ERROR;
				CLANG_WARN_DOCUMENTATION_COMMENTS = YES;
				CLANG_WARN_EMPTY_BODY = YES;
				CLANG_WARN_ENUM_CONVERSION = YES;
				CLANG_WARN_INFINITE_RECURSION = YES;
				CLANG_WARN_INT_CONVERSION = YES;
				CLANG_WARN_NON_LITERAL_NULL_CONVERSION = YES;
				CLANG_WARN_OBJC_IMPLICIT_RETAIN_SELF = YES;
				CLANG_WARN_OBJC_LITERAL_CONVERSION = YES;
				CLANG_WARN_OBJC_ROOT_CLASS = YES_ERROR;
				CLANG_WARN_QUOTED_INCLUDE_IN_FRAMEWORK_HEADER = YES;
				CLANG_WARN_RANGE_LOOP_ANALYSIS = YES;
				CLANG_WARN_STRICT_PROTOTYPES = YES;
				CLANG_WARN_SUSPICIOUS_MOVE = YES;
				CLANG_WARN_UNGUARDED_AVAILABILITY = YES_AGGRESSIVE;
				CLANG_WARN_UNREACHABLE_CODE = YES;
				CLANG_WARN__DUPLICATE_METHOD_MATCH = YES;
				COPY_PHASE_STRIP = NO;
				DEBUG_INFORMATION_FORMAT = dwarf;
				ENABLE_STRICT_OBJC_MSGSEND = YES;
				ENABLE_TESTABILITY = YES;
				ENABLE_USER_SCRIPT_SANDBOXING = YES;
				GCC_C_LANGUAGE_STANDARD = gnu17;
				GCC_DYNAMIC_NO_PIC = NO;
				GCC_NO_COMMON_BLOCKS = YES;
				GCC_OPTIMIZATION_LEVEL = 0;
				GCC_PREPROCESSOR_DEFINITIONS = (
					"DEBUG=1",
					"$(inherited)",
				);
				GCC_WARN_64_TO_32_BIT_CONVERSION = YES;
				GCC_WARN_ABOUT_RETURN_TYPE = YES_ERROR;
				GCC_WARN_UNDECLARED_SELECTOR = YES;
				GCC_WARN_UNINITIALIZED_AUTOS = YES_AGGRESSIVE;
				GCC_WARN_UNUSED_FUNCTION = YES;
				GCC_WARN_UNUSED_VARIABLE = YES;
				IPHONEOS_DEPLOYMENT_TARGET = 16.0;
				LOCALIZATION_PREFERS_STRING_CATALOGS = YES;
				MTL_ENABLE_DEBUG_INFO = INCLUDE_SOURCE;
				MTL_FAST_MATH = YES;
				ONLY_ACTIVE_ARCH = YES;
				SDKROOT = iphoneos;
				SWIFT_ACTIVE_COMPILATION_CONDITIONS = "DEBUG $(inherited)";
				SWIFT_OPTIMIZATION_LEVEL = "-Onone";
			};
			name = Debug;
		};
		CE010FA02B21656A001A324E /* Release */ = {
			isa = XCBuildConfiguration;
			buildSettings = {
				ALWAYS_SEARCH_USER_PATHS = NO;
				ASSETCATALOG_COMPILER_GENERATE_SWIFT_ASSET_SYMBOL_EXTENSIONS = YES;
				CLANG_ANALYZER_NONNULL = YES;
				CLANG_ANALYZER_NUMBER_OBJECT_CONVERSION = YES_AGGRESSIVE;
				CLANG_CXX_LANGUAGE_STANDARD = "gnu++20";
				CLANG_ENABLE_MODULES = YES;
				CLANG_ENABLE_OBJC_ARC = YES;
				CLANG_ENABLE_OBJC_WEAK = YES;
				CLANG_WARN_BLOCK_CAPTURE_AUTORELEASING = YES;
				CLANG_WARN_BOOL_CONVERSION = YES;
				CLANG_WARN_COMMA = YES;
				CLANG_WARN_CONSTANT_CONVERSION = YES;
				CLANG_WARN_DEPRECATED_OBJC_IMPLEMENTATIONS = YES;
				CLANG_WARN_DIRECT_OBJC_ISA_USAGE = YES_ERROR;
				CLANG_WARN_DOCUMENTATION_COMMENTS = YES;
				CLANG_WARN_EMPTY_BODY = YES;
				CLANG_WARN_ENUM_CONVERSION = YES;
				CLANG_WARN_INFINITE_RECURSION = YES;
				CLANG_WARN_INT_CONVERSION = YES;
				CLANG_WARN_NON_LITERAL_NULL_CONVERSION = YES;
				CLANG_WARN_OBJC_IMPLICIT_RETAIN_SELF = YES;
				CLANG_WARN_OBJC_LITERAL_CONVERSION = YES;
				CLANG_WARN_OBJC_ROOT_CLASS = YES_ERROR;
				CLANG_WARN_QUOTED_INCLUDE_IN_FRAMEWORK_HEADER = YES;
				CLANG_WARN_RANGE_LOOP_ANALYSIS = YES;
				CLANG_WARN_STRICT_PROTOTYPES = YES;
				CLANG_WARN_SUSPICIOUS_MOVE = YES;
				CLANG_WARN_UNGUARDED_AVAILABILITY = YES_AGGRESSIVE;
				CLANG_WARN_UNREACHABLE_CODE = YES;
				CLANG_WARN__DUPLICATE_METHOD_MATCH = YES;
				COPY_PHASE_STRIP = NO;
				DEBUG_INFORMATION_FORMAT = "dwarf-with-dsym";
				ENABLE_NS_ASSERTIONS = NO;
				ENABLE_STRICT_OBJC_MSGSEND = YES;
				ENABLE_USER_SCRIPT_SANDBOXING = YES;
				GCC_C_LANGUAGE_STANDARD = gnu17;
				GCC_NO_COMMON_BLOCKS = YES;
				GCC_WARN_64_TO_32_BIT_CONVERSION = YES;
				GCC_WARN_ABOUT_RETURN_TYPE = YES_ERROR;
				GCC_WARN_UNDECLARED_SELECTOR = YES;
				GCC_WARN_UNINITIALIZED_AUTOS = YES_AGGRESSIVE;
				GCC_WARN_UNUSED_FUNCTION = YES;
				GCC_WARN_UNUSED_VARIABLE = YES;
				IPHONEOS_DEPLOYMENT_TARGET = 16.0;
				LOCALIZATION_PREFERS_STRING_CATALOGS = YES;
				MTL_ENABLE_DEBUG_INFO = NO;
				MTL_FAST_MATH = YES;
				SDKROOT = iphoneos;
				SWIFT_COMPILATION_MODE = wholemodule;
				VALIDATE_PRODUCT = YES;
			};
			name = Release;
		};
		CE010FA22B21656A001A324E /* Debug */ = {
			isa = XCBuildConfiguration;
			buildSettings = {
				ASSETCATALOG_COMPILER_APPICON_NAME = AppIcon;
				ASSETCATALOG_COMPILER_GLOBAL_ACCENT_COLOR_NAME = AccentColor;
				CODE_SIGN_STYLE = Automatic;
				CURRENT_PROJECT_VERSION = 1;
				DEVELOPMENT_ASSET_PATHS = "\"CITest/Preview Content\"";
				ENABLE_PREVIEWS = YES;
				GENERATE_INFOPLIST_FILE = YES;
				INFOPLIST_KEY_UIApplicationSceneManifest_Generation = YES;
				INFOPLIST_KEY_UIApplicationSupportsIndirectInputEvents = YES;
				INFOPLIST_KEY_UILaunchScreen_Generation = YES;
				INFOPLIST_KEY_UISupportedInterfaceOrientations_iPad = "UIInterfaceOrientationPortrait UIInterfaceOrientationPortraitUpsideDown UIInterfaceOrientationLandscapeLeft UIInterfaceOrientationLandscapeRight";
				INFOPLIST_KEY_UISupportedInterfaceOrientations_iPhone = "UIInterfaceOrientationPortrait UIInterfaceOrientationLandscapeLeft UIInterfaceOrientationLandscapeRight";
				LD_RUNPATH_SEARCH_PATHS = (
					"$(inherited)",
					"@executable_path/Frameworks",
				);
				MARKETING_VERSION = 1.0;
				PRODUCT_BUNDLE_IDENTIFIER = com.wooky.CITest;
				PRODUCT_NAME = "$(TARGET_NAME)";
				SWIFT_EMIT_LOC_STRINGS = YES;
				SWIFT_VERSION = 5.0;
				TARGETED_DEVICE_FAMILY = "1,2";
			};
			name = Debug;
		};
		CE010FA32B21656A001A324E /* Release */ = {
			isa = XCBuildConfiguration;
			buildSettings = {
				ASSETCATALOG_COMPILER_APPICON_NAME = AppIcon;
				ASSETCATALOG_COMPILER_GLOBAL_ACCENT_COLOR_NAME = AccentColor;
				CODE_SIGN_STYLE = Automatic;
				CURRENT_PROJECT_VERSION = 1;
				DEVELOPMENT_ASSET_PATHS = "\"CITest/Preview Content\"";
				ENABLE_PREVIEWS = YES;
				GENERATE_INFOPLIST_FILE = YES;
				INFOPLIST_KEY_UIApplicationSceneManifest_Generation = YES;
				INFOPLIST_KEY_UIApplicationSupportsIndirectInputEvents = YES;
				INFOPLIST_KEY_UILaunchScreen_Generation = YES;
				INFOPLIST_KEY_UISupportedInterfaceOrientations_iPad = "UIInterfaceOrientationPortrait UIInterfaceOrientationPortraitUpsideDown UIInterfaceOrientationLandscapeLeft UIInterfaceOrientationLandscapeRight";
				INFOPLIST_KEY_UISupportedInterfaceOrientations_iPhone = "UIInterfaceOrientationPortrait UIInterfaceOrientationLandscapeLeft UIInterfaceOrientationLandscapeRight";
				LD_RUNPATH_SEARCH_PATHS = (
					"$(inherited)",
					"@executable_path/Frameworks",
				);
				MARKETING_VERSION = 1.0;
				PRODUCT_BUNDLE_IDENTIFIER = com.wooky.CITest;
				PRODUCT_NAME = "$(TARGET_NAME)";
				SWIFT_EMIT_LOC_STRINGS = YES;
				SWIFT_VERSION = 5.0;
				TARGETED_DEVICE_FAMILY = "1,2";
			};
			name = Release;
		};
		CE010FA52B21656A001A324E /* Debug */ = {
			isa = XCBuildConfiguration;
			buildSettings = {
				ALWAYS_EMBED_SWIFT_STANDARD_LIBRARIES = YES;
				BUNDLE_LOADER = "$(TEST_HOST)";
				CODE_SIGN_STYLE = Automatic;
				CURRENT_PROJECT_VERSION = 1;
				GENERATE_INFOPLIST_FILE = YES;
				IPHONEOS_DEPLOYMENT_TARGET = 17.0;
				MARKETING_VERSION = 1.0;
				PRODUCT_BUNDLE_IDENTIFIER = com.wooky.CITestTests;
				PRODUCT_NAME = "$(TARGET_NAME)";
				SWIFT_EMIT_LOC_STRINGS = NO;
				SWIFT_VERSION = 5.0;
				TARGETED_DEVICE_FAMILY = "1,2";
				TEST_HOST = "$(BUILT_PRODUCTS_DIR)/CITest.app/$(BUNDLE_EXECUTABLE_FOLDER_PATH)/CITest";
			};
			name = Debug;
		};
		CE010FA62B21656A001A324E /* Release */ = {
			isa = XCBuildConfiguration;
			buildSettings = {
				ALWAYS_EMBED_SWIFT_STANDARD_LIBRARIES = YES;
				BUNDLE_LOADER = "$(TEST_HOST)";
				CODE_SIGN_STYLE = Automatic;
				CURRENT_PROJECT_VERSION = 1;
				GENERATE_INFOPLIST_FILE = YES;
				IPHONEOS_DEPLOYMENT_TARGET = 17.0;
				MARKETING_VERSION = 1.0;
				PRODUCT_BUNDLE_IDENTIFIER = com.wooky.CITestTests;
				PRODUCT_NAME = "$(TARGET_NAME)";
				SWIFT_EMIT_LOC_STRINGS = NO;
				SWIFT_VERSION = 5.0;
				TARGETED_DEVICE_FAMILY = "1,2";
				TEST_HOST = "$(BUILT_PRODUCTS_DIR)/CITest.app/$(BUNDLE_EXECUTABLE_FOLDER_PATH)/CITest";
			};
			name = Release;
		};
		CE010FA82B21656A001A324E /* Debug */ = {
			isa = XCBuildConfiguration;
			buildSettings = {
				ALWAYS_EMBED_SWIFT_STANDARD_LIBRARIES = YES;
				CODE_SIGN_STYLE = Automatic;
				CURRENT_PROJECT_VERSION = 1;
				GENERATE_INFOPLIST_FILE = YES;
				MARKETING_VERSION = 1.0;
				PRODUCT_BUNDLE_IDENTIFIER = com.wooky.CITestUITests;
				PRODUCT_NAME = "$(TARGET_NAME)";
				SWIFT_EMIT_LOC_STRINGS = NO;
				SWIFT_VERSION = 5.0;
				TARGETED_DEVICE_FAMILY = "1,2";
				TEST_TARGET_NAME = CITest;
			};
			name = Debug;
		};
		CE010FA92B21656A001A324E /* Release */ = {
			isa = XCBuildConfiguration;
			buildSettings = {
				ALWAYS_EMBED_SWIFT_STANDARD_LIBRARIES = YES;
				CODE_SIGN_STYLE = Automatic;
				CURRENT_PROJECT_VERSION = 1;
				GENERATE_INFOPLIST_FILE = YES;
				MARKETING_VERSION = 1.0;
				PRODUCT_BUNDLE_IDENTIFIER = com.wooky.CITestUITests;
				PRODUCT_NAME = "$(TARGET_NAME)";
				SWIFT_EMIT_LOC_STRINGS = NO;
				SWIFT_VERSION = 5.0;
				TARGETED_DEVICE_FAMILY = "1,2";
				TEST_TARGET_NAME = CITest;
			};
			name = Release;
		};
/* End XCBuildConfiguration section */

/* Begin XCConfigurationList section */
		CE010F782B216569001A324E /* Build configuration list for PBXProject "CITest" */ = {
			isa = XCConfigurationList;
			buildConfigurations = (
				CE010F9F2B21656A001A324E /* Debug */,
				CE010FA02B21656A001A324E /* Release */,
			);
			defaultConfigurationIsVisible = 0;
			defaultConfigurationName = Release;
		};
		CE010FA12B21656A001A324E /* Build configuration list for PBXNativeTarget "CITest" */ = {
			isa = XCConfigurationList;
			buildConfigurations = (
				CE010FA22B21656A001A324E /* Debug */,
				CE010FA32B21656A001A324E /* Release */,
			);
			defaultConfigurationIsVisible = 0;
			defaultConfigurationName = Release;
		};
		CE010FA42B21656A001A324E /* Build configuration list for PBXNativeTarget "CITestTests" */ = {
			isa = XCConfigurationList;
			buildConfigurations = (
				CE010FA52B21656A001A324E /* Debug */,
				CE010FA62B21656A001A324E /* Release */,
			);
			defaultConfigurationIsVisible = 0;
			defaultConfigurationName = Release;
		};
		CE010FA72B21656A001A324E /* Build configuration list for PBXNativeTarget "CITestUITests" */ = {
			isa = XCConfigurationList;
			buildConfigurations = (
				CE010FA82B21656A001A324E /* Debug */,
				CE010FA92B21656A001A324E /* Release */,
			);
			defaultConfigurationIsVisible = 0;
			defaultConfigurationName = Release;
		};
/* End XCConfigurationList section */
	};
	rootObject = CE010F752B216569001A324E /* Project object */;
}
